
Microsoft Visual Studio Solution File, Format Version 12.00
# Visual Studio Version 16
VisualStudioVersion = 16.0.30114.105
MinimumVisualStudioVersion = 10.0.40219.1
Project("{2150E333-8FDC-42A3-9474-1A3956D46DE8}") = "1-Domain", "1-Domain", "{DF6042D0-DF44-11EB-B222-85B81F786019}"
EndProject
Project("{2150E333-8FDC-42A3-9474-1A3956D46DE8}") = "1-Command", "1-Command", "{E3B5BA40-DF44-11EB-B222-85B81F786019}"
EndProject
Project("{2150E333-8FDC-42A3-9474-1A3956D46DE8}") = "2-Query", "2-Query", "{E6EC7B40-DF44-11EB-B222-85B81F786019}"
EndProject
Project("{2150E333-8FDC-42A3-9474-1A3956D46DE8}") = "3-Entities", "3-Entities", "{FF170140-DF44-11EB-B222-85B81F786019}"
EndProject
Project("{2150E333-8FDC-42A3-9474-1A3956D46DE8}") = "2-Infrastructure", "2-Infrastructure", "{054D94C0-DF45-11EB-B222-85B81F786019}"
EndProject
Project("{2150E333-8FDC-42A3-9474-1A3956D46DE8}") = "1-Database", "1-Database", "{0B3E6CB0-DF45-11EB-B222-85B81F786019}"
EndProject
Project("{2150E333-8FDC-42A3-9474-1A3956D46DE8}") = "2-Web", "2-Web", "{0FD4BDB0-DF45-11EB-B222-85B81F786019}"
EndProject
Project("{2150E333-8FDC-42A3-9474-1A3956D46DE8}") = "src", "src", "{A464B671-1E71-4CF1-A608-961E0C84A6F9}"
EndProject
Project("{FAE04EC0-301F-11D3-BF4B-00C04F79EFBC}") = "coffee2go.Command", "src\coffee2go.Command\coffee2go.Command.csproj", "{00F241DD-1A1D-4B0D-82FA-1EF2FD9DBA13}"
EndProject
Project("{FAE04EC0-301F-11D3-BF4B-00C04F79EFBC}") = "coffee2go.Query", "src\coffee2go.Query\coffee2go.Query.csproj", "{931CF926-6BCC-4CFB-9840-F4D8A3039E28}"
EndProject
Project("{FAE04EC0-301F-11D3-BF4B-00C04F79EFBC}") = "coffee2go.Entity", "src\coffee2go.Entity\coffee2go.Entity.csproj", "{E024AB6E-403C-4F86-BFDC-71FEF452DEA1}"
EndProject
Project("{FAE04EC0-301F-11D3-BF4B-00C04F79EFBC}") = "coffee2go.CommandStore", "src\coffee2go.CommandStore\coffee2go.CommandStore.csproj", "{00A30D27-16DA-46E6-8A62-0DA35E4FD079}"
EndProject
Project("{FAE04EC0-301F-11D3-BF4B-00C04F79EFBC}") = "coffee2go.QueryStore", "src\coffee2go.QueryStore\coffee2go.QueryStore.csproj", "{7AE50433-07E2-495D-912B-03F83D0D890A}"
EndProject
Project("{FAE04EC0-301F-11D3-BF4B-00C04F79EFBC}") = "coffee2go.Api", "src\coffee2go.Api\coffee2go.Api.csproj", "{C77D658D-4363-4AB9-86A4-F27B9F3F533A}"
EndProject
Global
	GlobalSection(SolutionConfigurationPlatforms) = preSolution
		Debug|Any CPU = Debug|Any CPU
		Debug|x64 = Debug|x64
		Debug|x86 = Debug|x86
		Release|Any CPU = Release|Any CPU
		Release|x64 = Release|x64
		Release|x86 = Release|x86
	EndGlobalSection
	GlobalSection(SolutionProperties) = preSolution
		HideSolutionNode = FALSE
	EndGlobalSection
	GlobalSection(NestedProjects) = preSolution
		{0FD4BDB0-DF45-11EB-B222-85B81F786019} = {054D94C0-DF45-11EB-B222-85B81F786019}
		{0B3E6CB0-DF45-11EB-B222-85B81F786019} = {054D94C0-DF45-11EB-B222-85B81F786019}
		{FF170140-DF44-11EB-B222-85B81F786019} = {DF6042D0-DF44-11EB-B222-85B81F786019}
		{E6EC7B40-DF44-11EB-B222-85B81F786019} = {DF6042D0-DF44-11EB-B222-85B81F786019}
		{E3B5BA40-DF44-11EB-B222-85B81F786019} = {DF6042D0-DF44-11EB-B222-85B81F786019}
		{00F241DD-1A1D-4B0D-82FA-1EF2FD9DBA13} = {E3B5BA40-DF44-11EB-B222-85B81F786019}
		{931CF926-6BCC-4CFB-9840-F4D8A3039E28} = {E6EC7B40-DF44-11EB-B222-85B81F786019}
		{E024AB6E-403C-4F86-BFDC-71FEF452DEA1} = {FF170140-DF44-11EB-B222-85B81F786019}
		{00A30D27-16DA-46E6-8A62-0DA35E4FD079} = {0B3E6CB0-DF45-11EB-B222-85B81F786019}
		{7AE50433-07E2-495D-912B-03F83D0D890A} = {0B3E6CB0-DF45-11EB-B222-85B81F786019}
		{C77D658D-4363-4AB9-86A4-F27B9F3F533A} = {0FD4BDB0-DF45-11EB-B222-85B81F786019}
	EndGlobalSection
	GlobalSection(ProjectConfigurationPlatforms) = postSolution
		{00F241DD-1A1D-4B0D-82FA-1EF2FD9DBA13}.Debug|Any CPU.ActiveCfg = Debug|Any CPU
		{00F241DD-1A1D-4B0D-82FA-1EF2FD9DBA13}.Debug|Any CPU.Build.0 = Debug|Any CPU
		{00F241DD-1A1D-4B0D-82FA-1EF2FD9DBA13}.Debug|x64.ActiveCfg = Debug|Any CPU
		{00F241DD-1A1D-4B0D-82FA-1EF2FD9DBA13}.Debug|x64.Build.0 = Debug|Any CPU
		{00F241DD-1A1D-4B0D-82FA-1EF2FD9DBA13}.Debug|x86.ActiveCfg = Debug|Any CPU
		{00F241DD-1A1D-4B0D-82FA-1EF2FD9DBA13}.Debug|x86.Build.0 = Debug|Any CPU
		{00F241DD-1A1D-4B0D-82FA-1EF2FD9DBA13}.Release|Any CPU.ActiveCfg = Release|Any CPU
		{00F241DD-1A1D-4B0D-82FA-1EF2FD9DBA13}.Release|Any CPU.Build.0 = Release|Any CPU
		{00F241DD-1A1D-4B0D-82FA-1EF2FD9DBA13}.Release|x64.ActiveCfg = Release|Any CPU
		{00F241DD-1A1D-4B0D-82FA-1EF2FD9DBA13}.Release|x64.Build.0 = Release|Any CPU
		{00F241DD-1A1D-4B0D-82FA-1EF2FD9DBA13}.Release|x86.ActiveCfg = Release|Any CPU
		{00F241DD-1A1D-4B0D-82FA-1EF2FD9DBA13}.Release|x86.Build.0 = Release|Any CPU
		{931CF926-6BCC-4CFB-9840-F4D8A3039E28}.Debug|Any CPU.ActiveCfg = Debug|Any CPU
		{931CF926-6BCC-4CFB-9840-F4D8A3039E28}.Debug|Any CPU.Build.0 = Debug|Any CPU
		{931CF926-6BCC-4CFB-9840-F4D8A3039E28}.Debug|x64.ActiveCfg = Debug|Any CPU
		{931CF926-6BCC-4CFB-9840-F4D8A3039E28}.Debug|x64.Build.0 = Debug|Any CPU
		{931CF926-6BCC-4CFB-9840-F4D8A3039E28}.Debug|x86.ActiveCfg = Debug|Any CPU
		{931CF926-6BCC-4CFB-9840-F4D8A3039E28}.Debug|x86.Build.0 = Debug|Any CPU
		{931CF926-6BCC-4CFB-9840-F4D8A3039E28}.Release|Any CPU.ActiveCfg = Release|Any CPU
		{931CF926-6BCC-4CFB-9840-F4D8A3039E28}.Release|Any CPU.Build.0 = Release|Any CPU
		{931CF926-6BCC-4CFB-9840-F4D8A3039E28}.Release|x64.ActiveCfg = Release|Any CPU
		{931CF926-6BCC-4CFB-9840-F4D8A3039E28}.Release|x64.Build.0 = Release|Any CPU
		{931CF926-6BCC-4CFB-9840-F4D8A3039E28}.Release|x86.ActiveCfg = Release|Any CPU
		{931CF926-6BCC-4CFB-9840-F4D8A3039E28}.Release|x86.Build.0 = Release|Any CPU
		{E024AB6E-403C-4F86-BFDC-71FEF452DEA1}.Debug|Any CPU.ActiveCfg = Debug|Any CPU
		{E024AB6E-403C-4F86-BFDC-71FEF452DEA1}.Debug|Any CPU.Build.0 = Debug|Any CPU
		{E024AB6E-403C-4F86-BFDC-71FEF452DEA1}.Debug|x64.ActiveCfg = Debug|Any CPU
		{E024AB6E-403C-4F86-BFDC-71FEF452DEA1}.Debug|x64.Build.0 = Debug|Any CPU
		{E024AB6E-403C-4F86-BFDC-71FEF452DEA1}.Debug|x86.ActiveCfg = Debug|Any CPU
		{E024AB6E-403C-4F86-BFDC-71FEF452DEA1}.Debug|x86.Build.0 = Debug|Any CPU
		{E024AB6E-403C-4F86-BFDC-71FEF452DEA1}.Release|Any CPU.ActiveCfg = Release|Any CPU
		{E024AB6E-403C-4F86-BFDC-71FEF452DEA1}.Release|Any CPU.Build.0 = Release|Any CPU
		{E024AB6E-403C-4F86-BFDC-71FEF452DEA1}.Release|x64.ActiveCfg = Release|Any CPU
		{E024AB6E-403C-4F86-BFDC-71FEF452DEA1}.Release|x64.Build.0 = Release|Any CPU
		{E024AB6E-403C-4F86-BFDC-71FEF452DEA1}.Release|x86.ActiveCfg = Release|Any CPU
		{E024AB6E-403C-4F86-BFDC-71FEF452DEA1}.Release|x86.Build.0 = Release|Any CPU
		{00A30D27-16DA-46E6-8A62-0DA35E4FD079}.Debug|Any CPU.ActiveCfg = Debug|Any CPU
		{00A30D27-16DA-46E6-8A62-0DA35E4FD079}.Debug|Any CPU.Build.0 = Debug|Any CPU
		{00A30D27-16DA-46E6-8A62-0DA35E4FD079}.Debug|x64.ActiveCfg = Debug|Any CPU
		{00A30D27-16DA-46E6-8A62-0DA35E4FD079}.Debug|x64.Build.0 = Debug|Any CPU
		{00A30D27-16DA-46E6-8A62-0DA35E4FD079}.Debug|x86.ActiveCfg = Debug|Any CPU
		{00A30D27-16DA-46E6-8A62-0DA35E4FD079}.Debug|x86.Build.0 = Debug|Any CPU
		{00A30D27-16DA-46E6-8A62-0DA35E4FD079}.Release|Any CPU.ActiveCfg = Release|Any CPU
		{00A30D27-16DA-46E6-8A62-0DA35E4FD079}.Release|Any CPU.Build.0 = Release|Any CPU
		{00A30D27-16DA-46E6-8A62-0DA35E4FD079}.Release|x64.ActiveCfg = Release|Any CPU
		{00A30D27-16DA-46E6-8A62-0DA35E4FD079}.Release|x64.Build.0 = Release|Any CPU
		{00A30D27-16DA-46E6-8A62-0DA35E4FD079}.Release|x86.ActiveCfg = Release|Any CPU
		{00A30D27-16DA-46E6-8A62-0DA35E4FD079}.Release|x86.Build.0 = Release|Any CPU
		{7AE50433-07E2-495D-912B-03F83D0D890A}.Debug|Any CPU.ActiveCfg = Debug|Any CPU
		{7AE50433-07E2-495D-912B-03F83D0D890A}.Debug|Any CPU.Build.0 = Debug|Any CPU
		{7AE50433-07E2-495D-912B-03F83D0D890A}.Debug|x64.ActiveCfg = Debug|Any CPU
		{7AE50433-07E2-495D-912B-03F83D0D890A}.Debug|x64.Build.0 = Debug|Any CPU
		{7AE50433-07E2-495D-912B-03F83D0D890A}.Debug|x86.ActiveCfg = Debug|Any CPU
		{7AE50433-07E2-495D-912B-03F83D0D890A}.Debug|x86.Build.0 = Debug|Any CPU
		{7AE50433-07E2-495D-912B-03F83D0D890A}.Release|Any CPU.ActiveCfg = Release|Any CPU
		{7AE50433-07E2-495D-912B-03F83D0D890A}.Release|Any CPU.Build.0 = Release|Any CPU
		{7AE50433-07E2-495D-912B-03F83D0D890A}.Release|x64.ActiveCfg = Release|Any CPU
		{7AE50433-07E2-495D-912B-03F83D0D890A}.Release|x64.Build.0 = Release|Any CPU
		{7AE50433-07E2-495D-912B-03F83D0D890A}.Release|x86.ActiveCfg = Release|Any CPU
		{7AE50433-07E2-495D-912B-03F83D0D890A}.Release|x86.Build.0 = Release|Any CPU
		{C77D658D-4363-4AB9-86A4-F27B9F3F533A}.Debug|Any CPU.ActiveCfg = Debug|Any CPU
		{C77D658D-4363-4AB9-86A4-F27B9F3F533A}.Debug|Any CPU.Build.0 = Debug|Any CPU
		{C77D658D-4363-4AB9-86A4-F27B9F3F533A}.Debug|x64.ActiveCfg = Debug|Any CPU
		{C77D658D-4363-4AB9-86A4-F27B9F3F533A}.Debug|x64.Build.0 = Debug|Any CPU
		{C77D658D-4363-4AB9-86A4-F27B9F3F533A}.Debug|x86.ActiveCfg = Debug|Any CPU
		{C77D658D-4363-4AB9-86A4-F27B9F3F533A}.Debug|x86.Build.0 = Debug|Any CPU
		{C77D658D-4363-4AB9-86A4-F27B9F3F533A}.Release|Any CPU.ActiveCfg = Release|Any CPU
		{C77D658D-4363-4AB9-86A4-F27B9F3F533A}.Release|Any CPU.Build.0 = Release|Any CPU
		{C77D658D-4363-4AB9-86A4-F27B9F3F533A}.Release|x64.ActiveCfg = Release|Any CPU
		{C77D658D-4363-4AB9-86A4-F27B9F3F533A}.Release|x64.Build.0 = Release|Any CPU
		{C77D658D-4363-4AB9-86A4-F27B9F3F533A}.Release|x86.ActiveCfg = Release|Any CPU
		{C77D658D-4363-4AB9-86A4-F27B9F3F533A}.Release|x86.Build.0 = Release|Any CPU
	EndGlobalSection
EndGlobal
